
Microsoft Visual Studio Solution File, Format Version 12.00
# Visual Studio Version 17
VisualStudioVersion = 17.4.33103.184
MinimumVisualStudioVersion = 10.0.40219.1
Project("{FAE04EC0-301F-11D3-BF4B-00C04F79EFBC}") = "UOW.Web", "UOW.Web\UOW.Web.csproj", "{31D583FF-261C-47BF-85EF-BE4DD9F63184}"
EndProject
Project("{FAE04EC0-301F-11D3-BF4B-00C04F79EFBC}") = "UOW.Core", "UOW.Core\UOW.Core.csproj", "{D5DB0BAA-BED4-4770-8341-2C7E537C04C7}"
EndProject
Project("{FAE04EC0-301F-11D3-BF4B-00C04F79EFBC}") = "UOW.Infrastructure", "UOW.Infrastructure\UOW.Infrastructure.csproj", "{0D707276-FB5D-494E-89A5-A09D52CB8B57}"
EndProject
Project("{FAE04EC0-301F-11D3-BF4B-00C04F79EFBC}") = "UOW.Service", "UOW.Service\UOW.Service.csproj", "{2C9DB448-1D65-4C87-9703-F0B27A3E33DD}"
EndProject
Global
	GlobalSection(SolutionConfigurationPlatforms) = preSolution
		Debug|Any CPU = Debug|Any CPU
		Release|Any CPU = Release|Any CPU
	EndGlobalSection
	GlobalSection(ProjectConfigurationPlatforms) = postSolution
		{31D583FF-261C-47BF-85EF-BE4DD9F63184}.Debug|Any CPU.ActiveCfg = Debug|Any CPU
		{31D583FF-261C-47BF-85EF-BE4DD9F63184}.Debug|Any CPU.Build.0 = Debug|Any CPU
		{31D583FF-261C-47BF-85EF-BE4DD9F63184}.Release|Any CPU.ActiveCfg = Release|Any CPU
		{31D583FF-261C-47BF-85EF-BE4DD9F63184}.Release|Any CPU.Build.0 = Release|Any CPU
		{D5DB0BAA-BED4-4770-8341-2C7E537C04C7}.Debug|Any CPU.ActiveCfg = Debug|Any CPU
		{D5DB0BAA-BED4-4770-8341-2C7E537C04C7}.Debug|Any CPU.Build.0 = Debug|Any CPU
		{D5DB0BAA-BED4-4770-8341-2C7E537C04C7}.Release|Any CPU.ActiveCfg = Release|Any CPU
		{D5DB0BAA-BED4-4770-8341-2C7E537C04C7}.Release|Any CPU.Build.0 = Release|Any CPU
		{0D707276-FB5D-494E-89A5-A09D52CB8B57}.Debug|Any CPU.ActiveCfg = Debug|Any CPU
		{0D707276-FB5D-494E-89A5-A09D52CB8B57}.Debug|Any CPU.Build.0 = Debug|Any CPU
		{0D707276-FB5D-494E-89A5-A09D52CB8B57}.Release|Any CPU.ActiveCfg = Release|Any CPU
		{0D707276-FB5D-494E-89A5-A09D52CB8B57}.Release|Any CPU.Build.0 = Release|Any CPU
		{2C9DB448-1D65-4C87-9703-F0B27A3E33DD}.Debug|Any CPU.ActiveCfg = Debug|Any CPU
		{2C9DB448-1D65-4C87-9703-F0B27A3E33DD}.Debug|Any CPU.Build.0 = Debug|Any CPU
		{2C9DB448-1D65-4C87-9703-F0B27A3E33DD}.Release|Any CPU.ActiveCfg = Release|Any CPU
		{2C9DB448-1D65-4C87-9703-F0B27A3E33DD}.Release|Any CPU.Build.0 = Release|Any CPU
	EndGlobalSection
	GlobalSection(SolutionProperties) = preSolution
		HideSolutionNode = FALSE
	EndGlobalSection
	GlobalSection(ExtensibilityGlobals) = postSolution
		SolutionGuid = {257F03FE-F0F1-4648-B975-B014ED6553ED}
	EndGlobalSection
EndGlobal
